// !$*UTF8*$!
{
	archiveVersion = 1;
	classes = {
	};
	objectVersion = 46;
	objects = {

/* Begin PBXBuildFile section */
		62FA041C1DBAF7B100DEF004 /* AppDelegate.swift in Sources */ = {isa = PBXBuildFile; fileRef = 62FA041B1DBAF7B100DEF004 /* AppDelegate.swift */; };
		62FA041E1DBAF7B100DEF004 /* ViewController.swift in Sources */ = {isa = PBXBuildFile; fileRef = 62FA041D1DBAF7B100DEF004 /* ViewController.swift */; };
		62FA04211DBAF7B100DEF004 /* Main.storyboard in Resources */ = {isa = PBXBuildFile; fileRef = 62FA041F1DBAF7B100DEF004 /* Main.storyboard */; };
		62FA04231DBAF7B100DEF004 /* Assets.xcassets in Resources */ = {isa = PBXBuildFile; fileRef = 62FA04221DBAF7B100DEF004 /* Assets.xcassets */; };
		62FA04261DBAF7B100DEF004 /* LaunchScreen.storyboard in Resources */ = {isa = PBXBuildFile; fileRef = 62FA04241DBAF7B100DEF004 /* LaunchScreen.storyboard */; };
		62FA04311DBAF7B100DEF004 /* Hella_WurlTests.swift in Sources */ = {isa = PBXBuildFile; fileRef = 62FA04301DBAF7B100DEF004 /* Hella_WurlTests.swift */; };
		62FA043C1DBAF7B100DEF004 /* Hella_WurlUITests.swift in Sources */ = {isa = PBXBuildFile; fileRef = 62FA043B1DBAF7B100DEF004 /* Hella_WurlUITests.swift */; };
/* End PBXBuildFile section */

/* Begin PBXContainerItemProxy section */
		62FA042D1DBAF7B100DEF004 /* PBXContainerItemProxy */ = {
			isa = PBXContainerItemProxy;
			containerPortal = 62FA04101DBAF7B100DEF004 /* Project object */;
			proxyType = 1;
			remoteGlobalIDString = 62FA04171DBAF7B100DEF004;
			remoteInfo = "Hella Wurl";
		};
		62FA04381DBAF7B100DEF004 /* PBXContainerItemProxy */ = {
			isa = PBXContainerItemProxy;
			containerPortal = 62FA04101DBAF7B100DEF004 /* Project object */;
			proxyType = 1;
			remoteGlobalIDString = 62FA04171DBAF7B100DEF004;
			remoteInfo = "Hella Wurl";
		};
/* End PBXContainerItemProxy section */

/* Begin PBXFileReference section */
		62FA04181DBAF7B100DEF004 /* Hella Wurl.app */ = {isa = PBXFileReference; explicitFileType = wrapper.application; includeInIndex = 0; path = "Hella Wurl.app"; sourceTree = BUILT_PRODUCTS_DIR; };
		62FA041B1DBAF7B100DEF004 /* AppDelegate.swift */ = {isa = PBXFileReference; lastKnownFileType = sourcecode.swift; path = AppDelegate.swift; sourceTree = "<group>"; };
		62FA041D1DBAF7B100DEF004 /* ViewController.swift */ = {isa = PBXFileReference; lastKnownFileType = sourcecode.swift; path = ViewController.swift; sourceTree = "<group>"; };
		62FA04201DBAF7B100DEF004 /* Base */ = {isa = PBXFileReference; lastKnownFileType = file.storyboard; name = Base; path = Base.lproj/Main.storyboard; sourceTree = "<group>"; };
		62FA04221DBAF7B100DEF004 /* Assets.xcassets */ = {isa = PBXFileReference; lastKnownFileType = folder.assetcatalog; path = Assets.xcassets; sourceTree = "<group>"; };
		62FA04251DBAF7B100DEF004 /* Base */ = {isa = PBXFileReference; lastKnownFileType = file.storyboard; name = Base; path = Base.lproj/LaunchScreen.storyboard; sourceTree = "<group>"; };
		62FA04271DBAF7B100DEF004 /* Info.plist */ = {isa = PBXFileReference; lastKnownFileType = text.plist.xml; path = Info.plist; sourceTree = "<group>"; };
		62FA042C1DBAF7B100DEF004 /* Hella WurlTests.xctest */ = {isa = PBXFileReference; explicitFileType = wrapper.cfbundle; includeInIndex = 0; path = "Hella WurlTests.xctest"; sourceTree = BUILT_PRODUCTS_DIR; };
		62FA04301DBAF7B100DEF004 /* Hella_WurlTests.swift */ = {isa = PBXFileReference; lastKnownFileType = sourcecode.swift; path = Hella_WurlTests.swift; sourceTree = "<group>"; };
		62FA04321DBAF7B100DEF004 /* Info.plist */ = {isa = PBXFileReference; lastKnownFileType = text.plist.xml; path = Info.plist; sourceTree = "<group>"; };
		62FA04371DBAF7B100DEF004 /* Hella WurlUITests.xctest */ = {isa = PBXFileReference; explicitFileType = wrapper.cfbundle; includeInIndex = 0; path = "Hella WurlUITests.xctest"; sourceTree = BUILT_PRODUCTS_DIR; };
		62FA043B1DBAF7B100DEF004 /* Hella_WurlUITests.swift */ = {isa = PBXFileReference; lastKnownFileType = sourcecode.swift; path = Hella_WurlUITests.swift; sourceTree = "<group>"; };
		62FA043D1DBAF7B100DEF004 /* Info.plist */ = {isa = PBXFileReference; lastKnownFileType = text.plist.xml; path = Info.plist; sourceTree = "<group>"; };
/* End PBXFileReference section */

/* Begin PBXFrameworksBuildPhase section */
		62FA04151DBAF7B100DEF004 /* Frameworks */ = {
			isa = PBXFrameworksBuildPhase;
			buildActionMask = 2147483647;
			files = (
			);
			runOnlyForDeploymentPostprocessing = 0;
		};
		62FA04291DBAF7B100DEF004 /* Frameworks */ = {
			isa = PBXFrameworksBuildPhase;
			buildActionMask = 2147483647;
			files = (
			);
			runOnlyForDeploymentPostprocessing = 0;
		};
		62FA04341DBAF7B100DEF004 /* Frameworks */ = {
			isa = PBXFrameworksBuildPhase;
			buildActionMask = 2147483647;
			files = (
			);
			runOnlyForDeploymentPostprocessing = 0;
		};
/* End PBXFrameworksBuildPhase section */

/* Begin PBXGroup section */
		62FA040F1DBAF7B100DEF004 = {
			isa = PBXGroup;
			children = (
				62FA041A1DBAF7B100DEF004 /* Hella Wurl */,
				62FA042F1DBAF7B100DEF004 /* Hella WurlTests */,
				62FA043A1DBAF7B100DEF004 /* Hella WurlUITests */,
				62FA04191DBAF7B100DEF004 /* Products */,
			);
			sourceTree = "<group>";
		};
		62FA04191DBAF7B100DEF004 /* Products */ = {
			isa = PBXGroup;
			children = (
				62FA04181DBAF7B100DEF004 /* Hella Wurl.app */,
				62FA042C1DBAF7B100DEF004 /* Hella WurlTests.xctest */,
				62FA04371DBAF7B100DEF004 /* Hella WurlUITests.xctest */,
			);
			name = Products;
			sourceTree = "<group>";
		};
		62FA041A1DBAF7B100DEF004 /* Hella Wurl */ = {
			isa = PBXGroup;
			children = (
				62FA041B1DBAF7B100DEF004 /* AppDelegate.swift */,
				62FA041D1DBAF7B100DEF004 /* ViewController.swift */,
				62FA041F1DBAF7B100DEF004 /* Main.storyboard */,
				62FA04221DBAF7B100DEF004 /* Assets.xcassets */,
				62FA04241DBAF7B100DEF004 /* LaunchScreen.storyboard */,
				62FA04271DBAF7B100DEF004 /* Info.plist */,
			);
			path = "Hella Wurl";
			sourceTree = "<group>";
		};
		62FA042F1DBAF7B100DEF004 /* Hella WurlTests */ = {
			isa = PBXGroup;
			children = (
				62FA04301DBAF7B100DEF004 /* Hella_WurlTests.swift */,
				62FA04321DBAF7B100DEF004 /* Info.plist */,
			);
			path = "Hella WurlTests";
			sourceTree = "<group>";
		};
		62FA043A1DBAF7B100DEF004 /* Hella WurlUITests */ = {
			isa = PBXGroup;
			children = (
				62FA043B1DBAF7B100DEF004 /* Hella_WurlUITests.swift */,
				62FA043D1DBAF7B100DEF004 /* Info.plist */,
			);
			path = "Hella WurlUITests";
			sourceTree = "<group>";
		};
/* End PBXGroup section */

/* Begin PBXNativeTarget section */
		62FA04171DBAF7B100DEF004 /* Hella Wurl */ = {
			isa = PBXNativeTarget;
			buildConfigurationList = 62FA04401DBAF7B100DEF004 /* Build configuration list for PBXNativeTarget "Hella Wurl" */;
			buildPhases = (
				62FA04141DBAF7B100DEF004 /* Sources */,
				62FA04151DBAF7B100DEF004 /* Frameworks */,
				62FA04161DBAF7B100DEF004 /* Resources */,
			);
			buildRules = (
			);
			dependencies = (
			);
			name = "Hella Wurl";
			productName = "Hella Wurl";
			productReference = 62FA04181DBAF7B100DEF004 /* Hella Wurl.app */;
			productType = "com.apple.product-type.application";
		};
		62FA042B1DBAF7B100DEF004 /* Hella WurlTests */ = {
			isa = PBXNativeTarget;
			buildConfigurationList = 62FA04431DBAF7B100DEF004 /* Build configuration list for PBXNativeTarget "Hella WurlTests" */;
			buildPhases = (
				62FA04281DBAF7B100DEF004 /* Sources */,
				62FA04291DBAF7B100DEF004 /* Frameworks */,
				62FA042A1DBAF7B100DEF004 /* Resources */,
			);
			buildRules = (
			);
			dependencies = (
				62FA042E1DBAF7B100DEF004 /* PBXTargetDependency */,
			);
			name = "Hella WurlTests";
			productName = "Hella WurlTests";
			productReference = 62FA042C1DBAF7B100DEF004 /* Hella WurlTests.xctest */;
			productType = "com.apple.product-type.bundle.unit-test";
		};
		62FA04361DBAF7B100DEF004 /* Hella WurlUITests */ = {
			isa = PBXNativeTarget;
			buildConfigurationList = 62FA04461DBAF7B100DEF004 /* Build configuration list for PBXNativeTarget "Hella WurlUITests" */;
			buildPhases = (
				62FA04331DBAF7B100DEF004 /* Sources */,
				62FA04341DBAF7B100DEF004 /* Frameworks */,
				62FA04351DBAF7B100DEF004 /* Resources */,
			);
			buildRules = (
			);
			dependencies = (
				62FA04391DBAF7B100DEF004 /* PBXTargetDependency */,
			);
			name = "Hella WurlUITests";
			productName = "Hella WurlUITests";
			productReference = 62FA04371DBAF7B100DEF004 /* Hella WurlUITests.xctest */;
			productType = "com.apple.product-type.bundle.ui-testing";
		};
/* End PBXNativeTarget section */

/* Begin PBXProject section */
		62FA04101DBAF7B100DEF004 /* Project object */ = {
			isa = PBXProject;
			attributes = {
				LastSwiftUpdateCheck = 0800;
				LastUpgradeCheck = 0800;
				ORGANIZATIONNAME = Iggi;
				TargetAttributes = {
					62FA04171DBAF7B100DEF004 = {
						CreatedOnToolsVersion = 8.0;
						ProvisioningStyle = Automatic;
					};
					62FA042B1DBAF7B100DEF004 = {
						CreatedOnToolsVersion = 8.0;
						ProvisioningStyle = Automatic;
						TestTargetID = 62FA04171DBAF7B100DEF004;
					};
					62FA04361DBAF7B100DEF004 = {
						CreatedOnToolsVersion = 8.0;
						ProvisioningStyle = Automatic;
						TestTargetID = 62FA04171DBAF7B100DEF004;
					};
				};
			};
			buildConfigurationList = 62FA04131DBAF7B100DEF004 /* Build configuration list for PBXProject "Hella Wurl" */;
			compatibilityVersion = "Xcode 3.2";
			developmentRegion = English;
			hasScannedForEncodings = 0;
			knownRegions = (
				en,
				Base,
			);
			mainGroup = 62FA040F1DBAF7B100DEF004;
			productRefGroup = 62FA04191DBAF7B100DEF004 /* Products */;
			projectDirPath = "";
			projectRoot = "";
			targets = (
				62FA04171DBAF7B100DEF004 /* Hella Wurl */,
				62FA042B1DBAF7B100DEF004 /* Hella WurlTests */,
				62FA04361DBAF7B100DEF004 /* Hella WurlUITests */,
			);
		};
/* End PBXProject section */

/* Begin PBXResourcesBuildPhase section */
		62FA04161DBAF7B100DEF004 /* Resources */ = {
			isa = PBXResourcesBuildPhase;
			buildActionMask = 2147483647;
			files = (
				62FA04261DBAF7B100DEF004 /* LaunchScreen.storyboard in Resources */,
				62FA04231DBAF7B100DEF004 /* Assets.xcassets in Resources */,
				62FA04211DBAF7B100DEF004 /* Main.storyboard in Resources */,
			);
			runOnlyForDeploymentPostprocessing = 0;
		};
		62FA042A1DBAF7B100DEF004 /* Resources */ = {
			isa = PBXResourcesBuildPhase;
			buildActionMask = 2147483647;
			files = (
			);
			runOnlyForDeploymentPostprocessing = 0;
		};
		62FA04351DBAF7B100DEF004 /* Resources */ = {
			isa = PBXResourcesBuildPhase;
			buildActionMask = 2147483647;
			files = (
			);
			runOnlyForDeploymentPostprocessing = 0;
		};
/* End PBXResourcesBuildPhase section */

/* Begin PBXSourcesBuildPhase section */
		62FA04141DBAF7B100DEF004 /* Sources */ = {
			isa = PBXSourcesBuildPhase;
			buildActionMask = 2147483647;
			files = (
				62FA041E1DBAF7B100DEF004 /* ViewController.swift in Sources */,
				62FA041C1DBAF7B100DEF004 /* AppDelegate.swift in Sources */,
			);
			runOnlyForDeploymentPostprocessing = 0;
		};
		62FA04281DBAF7B100DEF004 /* Sources */ = {
			isa = PBXSourcesBuildPhase;
			buildActionMask = 2147483647;
			files = (
				62FA04311DBAF7B100DEF004 /* Hella_WurlTests.swift in Sources */,
			);
			runOnlyForDeploymentPostprocessing = 0;
		};
		62FA04331DBAF7B100DEF004 /* Sources */ = {
			isa = PBXSourcesBuildPhase;
			buildActionMask = 2147483647;
			files = (
				62FA043C1DBAF7B100DEF004 /* Hella_WurlUITests.swift in Sources */,
			);
			runOnlyForDeploymentPostprocessing = 0;
		};
/* End PBXSourcesBuildPhase section */

/* Begin PBXTargetDependency section */
		62FA042E1DBAF7B100DEF004 /* PBXTargetDependency */ = {
			isa = PBXTargetDependency;
			target = 62FA04171DBAF7B100DEF004 /* Hella Wurl */;
			targetProxy = 62FA042D1DBAF7B100DEF004 /* PBXContainerItemProxy */;
		};
		62FA04391DBAF7B100DEF004 /* PBXTargetDependency */ = {
			isa = PBXTargetDependency;
			target = 62FA04171DBAF7B100DEF004 /* Hella Wurl */;
			targetProxy = 62FA04381DBAF7B100DEF004 /* PBXContainerItemProxy */;
		};
/* End PBXTargetDependency section */

/* Begin PBXVariantGroup section */
		62FA041F1DBAF7B100DEF004 /* Main.storyboard */ = {
			isa = PBXVariantGroup;
			children = (
				62FA04201DBAF7B100DEF004 /* Base */,
			);
			name = Main.storyboard;
			sourceTree = "<group>";
		};
		62FA04241DBAF7B100DEF004 /* LaunchScreen.storyboard */ = {
			isa = PBXVariantGroup;
			children = (
				62FA04251DBAF7B100DEF004 /* Base */,
			);
			name = LaunchScreen.storyboard;
			sourceTree = "<group>";
		};
/* End PBXVariantGroup section */

/* Begin XCBuildConfiguration section */
		62FA043E1DBAF7B100DEF004 /* Debug */ = {
			isa = XCBuildConfiguration;
			buildSettings = {
				ALWAYS_SEARCH_USER_PATHS = NO;
				CLANG_ANALYZER_NONNULL = YES;
				CLANG_CXX_LANGUAGE_STANDARD = "gnu++0x";
				CLANG_CXX_LIBRARY = "libc++";
				CLANG_ENABLE_MODULES = YES;
				CLANG_ENABLE_OBJC_ARC = YES;
				CLANG_WARN_BOOL_CONVERSION = YES;
				CLANG_WARN_CONSTANT_CONVERSION = YES;
				CLANG_WARN_DIRECT_OBJC_ISA_USAGE = YES_ERROR;
				CLANG_WARN_DOCUMENTATION_COMMENTS = YES;
				CLANG_WARN_EMPTY_BODY = YES;
				CLANG_WARN_ENUM_CONVERSION = YES;
				CLANG_WARN_INFINITE_RECURSION = YES;
				CLANG_WARN_INT_CONVERSION = YES;
				CLANG_WARN_OBJC_ROOT_CLASS = YES_ERROR;
				CLANG_WARN_SUSPICIOUS_MOVES = YES;
				CLANG_WARN_UNREACHABLE_CODE = YES;
				CLANG_WARN__DUPLICATE_METHOD_MATCH = YES;
				"CODE_SIGN_IDENTITY[sdk=iphoneos*]" = "iPhone Developer";
				COPY_PHASE_STRIP = NO;
				DEBUG_INFORMATION_FORMAT = dwarf;
				ENABLE_STRICT_OBJC_MSGSEND = YES;
				ENABLE_TESTABILITY = YES;
				GCC_C_LANGUAGE_STANDARD = gnu99;
				GCC_DYNAMIC_NO_PIC = NO;
				GCC_NO_COMMON_BLOCKS = YES;
				GCC_OPTIMIZATION_LEVEL = 0;
				GCC_PREPROCESSOR_DEFINITIONS = (
					"DEBUG=1",
					"$(inherited)",
				);
				GCC_WARN_64_TO_32_BIT_CONVERSION = YES;
				GCC_WARN_ABOUT_RETURN_TYPE = YES_ERROR;
				GCC_WARN_UNDECLARED_SELECTOR = YES;
				GCC_WARN_UNINITIALIZED_AUTOS = YES_AGGRESSIVE;
				GCC_WARN_UNUSED_FUNCTION = YES;
				GCC_WARN_UNUSED_VARIABLE = YES;
				IPHONEOS_DEPLOYMENT_TARGET = 10.0;
				MTL_ENABLE_DEBUG_INFO = YES;
				ONLY_ACTIVE_ARCH = YES;
				SDKROOT = iphoneos;
				SWIFT_ACTIVE_COMPILATION_CONDITIONS = DEBUG;
				SWIFT_OPTIMIZATION_LEVEL = "-Onone";
				TARGETED_DEVICE_FAMILY = "1,2";
			};
			name = Debug;
		};
		62FA043F1DBAF7B100DEF004 /* Release */ = {
			isa = XCBuildConfiguration;
			buildSettings = {
				ALWAYS_SEARCH_USER_PATHS = NO;
				CLANG_ANALYZER_NONNULL = YES;
				CLANG_CXX_LANGUAGE_STANDARD = "gnu++0x";
				CLANG_CXX_LIBRARY = "libc++";
				CLANG_ENABLE_MODULES = YES;
				CLANG_ENABLE_OBJC_ARC = YES;
				CLANG_WARN_BOOL_CONVERSION = YES;
				CLANG_WARN_CONSTANT_CONVERSION = YES;
				CLANG_WARN_DIRECT_OBJC_ISA_USAGE = YES_ERROR;
				CLANG_WARN_DOCUMENTATION_COMMENTS = YES;
				CLANG_WARN_EMPTY_BODY = YES;
				CLANG_WARN_ENUM_CONVERSION = YES;
				CLANG_WARN_INFINITE_RECURSION = YES;
				CLANG_WARN_INT_CONVERSION = YES;
				CLANG_WARN_OBJC_ROOT_CLASS = YES_ERROR;
				CLANG_WARN_SUSPICIOUS_MOVES = YES;
				CLANG_WARN_UNREACHABLE_CODE = YES;
				CLANG_WARN__DUPLICATE_METHOD_MATCH = YES;
				"CODE_SIGN_IDENTITY[sdk=iphoneos*]" = "iPhone Developer";
				COPY_PHASE_STRIP = NO;
				DEBUG_INFORMATION_FORMAT = "dwarf-with-dsym";
				ENABLE_NS_ASSERTIONS = NO;
				ENABLE_STRICT_OBJC_MSGSEND = YES;
				GCC_C_LANGUAGE_STANDARD = gnu99;
				GCC_NO_COMMON_BLOCKS = YES;
				GCC_WARN_64_TO_32_BIT_CONVERSION = YES;
				GCC_WARN_ABOUT_RETURN_TYPE = YES_ERROR;
				GCC_WARN_UNDECLARED_SELECTOR = YES;
				GCC_WARN_UNINITIALIZED_AUTOS = YES_AGGRESSIVE;
				GCC_WARN_UNUSED_FUNCTION = YES;
				GCC_WARN_UNUSED_VARIABLE = YES;
				IPHONEOS_DEPLOYMENT_TARGET = 10.0;
				MTL_ENABLE_DEBUG_INFO = NO;
				SDKROOT = iphoneos;
				SWIFT_OPTIMIZATION_LEVEL = "-Owholemodule";
				TARGETED_DEVICE_FAMILY = "1,2";
				VALIDATE_PRODUCT = YES;
			};
			name = Release;
		};
		62FA04411DBAF7B100DEF004 /* Debug */ = {
			isa = XCBuildConfiguration;
			buildSettings = {
				ASSETCATALOG_COMPILER_APPICON_NAME = AppIcon;
				INFOPLIST_FILE = "Hella Wurl/Info.plist";
				LD_RUNPATH_SEARCH_PATHS = "$(inherited) @executable_path/Frameworks";
				PRODUCT_BUNDLE_IDENTIFIER = "fevvdfsvsdsfs.Hella-Wurl";
				PRODUCT_NAME = "$(TARGET_NAME)";
				SWIFT_VERSION = 3.0;
			};
			name = Debug;
		};
		62FA04421DBAF7B100DEF004 /* Release */ = {
			isa = XCBuildConfiguration;
			buildSettings = {
				ASSETCATALOG_COMPILER_APPICON_NAME = AppIcon;
				INFOPLIST_FILE = "Hella Wurl/Info.plist";
				LD_RUNPATH_SEARCH_PATHS = "$(inherited) @executable_path/Frameworks";
				PRODUCT_BUNDLE_IDENTIFIER = "fevvdfsvsdsfs.Hella-Wurl";
				PRODUCT_NAME = "$(TARGET_NAME)";
				SWIFT_VERSION = 3.0;
			};
			name = Release;
		};
		62FA04441DBAF7B100DEF004 /* Debug */ = {
			isa = XCBuildConfiguration;
			buildSettings = {
				ALWAYS_EMBED_SWIFT_STANDARD_LIBRARIES = YES;
				BUNDLE_LOADER = "$(TEST_HOST)";
				INFOPLIST_FILE = "Hella WurlTests/Info.plist";
				LD_RUNPATH_SEARCH_PATHS = "$(inherited) @executable_path/Frameworks @loader_path/Frameworks";
				PRODUCT_BUNDLE_IDENTIFIER = "fevvdfsvsdsfs.Hella-WurlTests";
				PRODUCT_NAME = "$(TARGET_NAME)";
				SWIFT_VERSION = 3.0;
				TEST_HOST = "$(BUILT_PRODUCTS_DIR)/Hella Wurl.app/Hella Wurl";
			};
			name = Debug;
		};
		62FA04451DBAF7B100DEF004 /* Release */ = {
			isa = XCBuildConfiguration;
			buildSettings = {
				ALWAYS_EMBED_SWIFT_STANDARD_LIBRARIES = YES;
				BUNDLE_LOADER = "$(TEST_HOST)";
				INFOPLIST_FILE = "Hella WurlTests/Info.plist";
				LD_RUNPATH_SEARCH_PATHS = "$(inherited) @executable_path/Frameworks @loader_path/Frameworks";
				PRODUCT_BUNDLE_IDENTIFIER = "fevvdfsvsdsfs.Hella-WurlTests";
				PRODUCT_NAME = "$(TARGET_NAME)";
				SWIFT_VERSION = 3.0;
				TEST_HOST = "$(BUILT_PRODUCTS_DIR)/Hella Wurl.app/Hella Wurl";
			};
			name = Release;
		};
		62FA04471DBAF7B100DEF004 /* Debug */ = {
			isa = XCBuildConfiguration;
			buildSettings = {
				ALWAYS_EMBED_SWIFT_STANDARD_LIBRARIES = YES;
				INFOPLIST_FILE = "Hella WurlUITests/Info.plist";
				LD_RUNPATH_SEARCH_PATHS = "$(inherited) @executable_path/Frameworks @loader_path/Frameworks";
				PRODUCT_BUNDLE_IDENTIFIER = "fevvdfsvsdsfs.Hella-WurlUITests";
				PRODUCT_NAME = "$(TARGET_NAME)";
				SWIFT_VERSION = 3.0;
				TEST_TARGET_NAME = "Hella Wurl";
			};
			name = Debug;
		};
		62FA04481DBAF7B100DEF004 /* Release */ = {
			isa = XCBuildConfiguration;
			buildSettings = {
				ALWAYS_EMBED_SWIFT_STANDARD_LIBRARIES = YES;
				INFOPLIST_FILE = "Hella WurlUITests/Info.plist";
				LD_RUNPATH_SEARCH_PATHS = "$(inherited) @executable_path/Frameworks @loader_path/Frameworks";
				PRODUCT_BUNDLE_IDENTIFIER = "fevvdfsvsdsfs.Hella-WurlUITests";
				PRODUCT_NAME = "$(TARGET_NAME)";
				SWIFT_VERSION = 3.0;
				TEST_TARGET_NAME = "Hella Wurl";
			};
			name = Release;
		};
/* End XCBuildConfiguration section */

/* Begin XCConfigurationList section */
		62FA04131DBAF7B100DEF004 /* Build configuration list for PBXProject "Hella Wurl" */ = {
			isa = XCConfigurationList;
			buildConfigurations = (
				62FA043E1DBAF7B100DEF004 /* Debug */,
				62FA043F1DBAF7B100DEF004 /* Release */,
			);
			defaultConfigurationIsVisible = 0;
			defaultConfigurationName = Release;
		};
		62FA04401DBAF7B100DEF004 /* Build configuration list for PBXNativeTarget "Hella Wurl" */ = {
			isa = XCConfigurationList;
			buildConfigurations = (
				62FA04411DBAF7B100DEF004 /* Debug */,
				62FA04421DBAF7B100DEF004 /* Release */,
			);
			defaultConfigurationIsVisible = 0;
		};
		62FA04431DBAF7B100DEF004 /* Build configuration list for PBXNativeTarget "Hella WurlTests" */ = {
			isa = XCConfigurationList;
			buildConfigurations = (
				62FA04441DBAF7B100DEF004 /* Debug */,
				62FA04451DBAF7B100DEF004 /* Release */,
			);
			defaultConfigurationIsVisible = 0;
		};
		62FA04461DBAF7B100DEF004 /* Build configuration list for PBXNativeTarget "Hella WurlUITests" */ = {
			isa = XCConfigurationList;
			buildConfigurations = (
				62FA04471DBAF7B100DEF004 /* Debug */,
				62FA04481DBAF7B100DEF004 /* Release */,
			);
			defaultConfigurationIsVisible = 0;
		};
/* End XCConfigurationList section */
	};
	rootObject = 62FA04101DBAF7B100DEF004 /* Project object */;
}
